
Microsoft Visual Studio Solution File, Format Version 12.00
# Visual Studio 15
VisualStudioVersion = 15.0.28307.757
MinimumVisualStudioVersion = 10.0.40219.1
Project("{FAE04EC0-301F-11D3-BF4B-00C04F79EFBC}") = "Reporting-Provide-Authentication-to-Access-JSON-Data", "CS\Reporting-Provide-Authentication-to-Access-JSON-Data\Reporting-Provide-Authentication-to-Access-JSON-Data.csproj", "{282B02CA-8CDD-45DA-B6F5-672FA227DAFD}"
EndProject
Global
	GlobalSection(SolutionConfigurationPlatforms) = preSolution
		Debug|Any CPU = Debug|Any CPU
		Release|Any CPU = Release|Any CPU
	EndGlobalSection
	GlobalSection(ProjectConfigurationPlatforms) = postSolution
		{282B02CA-8CDD-45DA-B6F5-672FA227DAFD}.Debug|Any CPU.ActiveCfg = Debug|Any CPU
		{282B02CA-8CDD-45DA-B6F5-672FA227DAFD}.Debug|Any CPU.Build.0 = Debug|Any CPU
		{282B02CA-8CDD-45DA-B6F5-672FA227DAFD}.Release|Any CPU.ActiveCfg = Release|Any CPU
		{282B02CA-8CDD-45DA-B6F5-672FA227DAFD}.Release|Any CPU.Build.0 = Release|Any CPU
			EndGlobalSection
	GlobalSection(SolutionProperties) = preSolution
		HideSolutionNode = FALSE
	EndGlobalSection
	GlobalSection(ExtensibilityGlobals) = postSolution
		SolutionGuid = {1CFD178A-0F7A-454C-BF3F-A9B5D3370C58}
	EndGlobalSection
EndGlobal
